Microsoft Visual Studio Solution File, Format Version 11.00
# Visual Studio 2008

Project("{3EAD95E7-0680-221C-D798-08A5D18C41F4}") = "SpaceZombies", "Assembly-CSharp.csproj", "{DB7D8547-57CD-9C90-B277-E910574E5EAD}"
EndProject
Project("{3EAD95E7-0680-221C-D798-08A5D18C41F4}") = "SpaceZombies", "Assembly-CSharp-Editor.csproj", "{73E7B949-37C4-4BFB-265E-E26E1939214D}"
EndProject
Global
	GlobalSection(SolutionConfigurationPlatforms) = preSolution
		Debug|Any CPU = Debug|Any CPU
		Release|Any CPU = Release|Any CPU
	EndGlobalSection
	GlobalSection(ProjectConfigurationPlatforms) = postSolution
		{DB7D8547-57CD-9C90-B277-E910574E5EAD}.Debug|Any CPU.ActiveCfg = Debug|Any CPU
		{DB7D8547-57CD-9C90-B277-E910574E5EAD}.Debug|Any CPU.Build.0 = Debug|Any CPU
		{DB7D8547-57CD-9C90-B277-E910574E5EAD}.Release|Any CPU.ActiveCfg = Release|Any CPU
		{DB7D8547-57CD-9C90-B277-E910574E5EAD}.Release|Any CPU.Build.0 = Release|Any CPU
		{73E7B949-37C4-4BFB-265E-E26E1939214D}.Debug|Any CPU.ActiveCfg = Debug|Any CPU
		{73E7B949-37C4-4BFB-265E-E26E1939214D}.Debug|Any CPU.Build.0 = Debug|Any CPU
		{73E7B949-37C4-4BFB-265E-E26E1939214D}.Release|Any CPU.ActiveCfg = Release|Any CPU
		{73E7B949-37C4-4BFB-265E-E26E1939214D}.Release|Any CPU.Build.0 = Release|Any CPU
	EndGlobalSection
	GlobalSection(SolutionProperties) = preSolution
		HideSolutionNode = FALSE
	EndGlobalSection
																																										GlobalSection(MonoDevelopProperties) = preSolution
		StartupItem = Assembly-CSharp.csproj
		Policies = $0
		$0.TextStylePolicy = $1
		$1.inheritsSet = null
		$1.scope = text/x-csharp
		$0.CSharpFormattingPolicy = $2
		$2.inheritsSet = Mono
		$2.inheritsScope = text/x-csharp
		$2.scope = text/x-csharp
		$0.TextStylePolicy = $3
		$3.FileWidth = 120
		$3.TabWidth = 4
		$3.EolMarker = Unix
		$3.inheritsSet = Mono
		$3.inheritsScope = text/plain
		$3.scope = text/plain
	EndGlobalSection

EndGlobal
